dependencies:
- name: queue
  repository: file://../queue/chart
  version: 0.1.0
- name: consumer
  repository: file://../consumer/chart
  version: 0.1.0
- name: producer
  repository: file://../producer/chart
  version: 0.1.0
- name: metrics
  repository: file://../metrics/chart
  version: 0.1.0
- name: kube-prometheus
  repository: oci://registry-1.docker.io/bitnamicharts
  version: 8.17.2
digest: sha256:dd01922adc8e5612018773c3d2e434f24d6585bc15e9b2c3807f21f53b1bfb21
generated: "2024-01-23T22:59:31.881931+01:00"
